
Microsoft Visual Studio Solution File, Format Version 12.00
# Visual Studio Version 17
VisualStudioVersion = 17.1.32421.90
MinimumVisualStudioVersion = 10.0.40219.1
Project("{9A19103F-16F7-4668-BE54-9A1E7A4F7556}") = "API", "API\API.csproj", "{2EBFE614-F966-4B4A-824F-21BA0EA8B06F}"
EndProject
Project("{FAE04EC0-301F-11D3-BF4B-00C04F79EFBC}") = "Core", "Core\Core.csproj", "{B6753CB8-025D-4DC6-B020-D9DDC6C9D62C}"
EndProject
Project("{FAE04EC0-301F-11D3-BF4B-00C04F79EFBC}") = "Infrastructure", "Infrastructure\Infrastructure.csproj", "{D552B716-5E4E-45AF-9958-133C9649DA0A}"
EndProject
Global
	GlobalSection(SolutionConfigurationPlatforms) = preSolution
		Debug|Any CPU = Debug|Any CPU
		Release|Any CPU = Release|Any CPU
	EndGlobalSection
	GlobalSection(ProjectConfigurationPlatforms) = postSolution
		{2EBFE614-F966-4B4A-824F-21BA0EA8B06F}.Debug|Any CPU.ActiveCfg = Debug|Any CPU
		{2EBFE614-F966-4B4A-824F-21BA0EA8B06F}.Debug|Any CPU.Build.0 = Debug|Any CPU
		{2EBFE614-F966-4B4A-824F-21BA0EA8B06F}.Release|Any CPU.ActiveCfg = Release|Any CPU
		{2EBFE614-F966-4B4A-824F-21BA0EA8B06F}.Release|Any CPU.Build.0 = Release|Any CPU
		{B6753CB8-025D-4DC6-B020-D9DDC6C9D62C}.Debug|Any CPU.ActiveCfg = Debug|Any CPU
		{B6753CB8-025D-4DC6-B020-D9DDC6C9D62C}.Debug|Any CPU.Build.0 = Debug|Any CPU
		{B6753CB8-025D-4DC6-B020-D9DDC6C9D62C}.Release|Any CPU.ActiveCfg = Release|Any CPU
		{B6753CB8-025D-4DC6-B020-D9DDC6C9D62C}.Release|Any CPU.Build.0 = Release|Any CPU
		{D552B716-5E4E-45AF-9958-133C9649DA0A}.Debug|Any CPU.ActiveCfg = Debug|Any CPU
		{D552B716-5E4E-45AF-9958-133C9649DA0A}.Debug|Any CPU.Build.0 = Debug|Any CPU
		{D552B716-5E4E-45AF-9958-133C9649DA0A}.Release|Any CPU.ActiveCfg = Release|Any CPU
		{D552B716-5E4E-45AF-9958-133C9649DA0A}.Release|Any CPU.Build.0 = Release|Any CPU
	EndGlobalSection
	GlobalSection(SolutionProperties) = preSolution
		HideSolutionNode = FALSE
	EndGlobalSection
	GlobalSection(ExtensibilityGlobals) = postSolution
		SolutionGuid = {DD2E4BD0-33AB-4F3B-AE77-6A651C1D9823}
	EndGlobalSection
EndGlobal
